{
  "version": 4,
  "terraform_version": "1.12.2",
  "serial": 3,
  "lineage": "e0471a4c-ee3b-3d1f-1c27-f815998fe5bb",
  "outputs": {},
  "resources": [
    {
      "mode": "managed",
      "type": "azurerm_managed_disk",
      "name": "disk1",
      "provider": "provider[\"registry.terraform.io/hashicorp/azurerm\"]",
      "instances": [
        {
          "index_key": "vm1--osdisk",
          "schema_version": 0,
          "attributes": {
            "create_option": "FromImage",
            "disk_access_id": "",
            "disk_encryption_set_id": "",
            "disk_iops_read_only": 0,
            "disk_iops_read_write": 500,
            "disk_mbps_read_only": 0,
            "disk_mbps_read_write": 60,
            "disk_size_gb": 30,
            "edge_zone": "",
            "encryption_settings": [],
            "gallery_image_reference_id": "",
            "hyper_v_generation": "V1",
            "id": "/subscriptions/8c1329f0-9183-42e8-ba91-cc5840314c10/resourceGroups/rg01/providers/Microsoft.Compute/disks/vm1--osdisk",
            "image_reference_id": "/Subscriptions/8c1329f0-9183-42e8-ba91-cc5840314c10/Providers/Microsoft.Compute/Locations/CentralIndia/Publishers/Canonical/ArtifactTypes/VMImage/Offers/0001-com-ubuntu-server-jammy/Skus/22_04-lts/Versions/22.04.202507150",
            "location": "centralindia",
            "logical_sector_size": null,
            "max_shares": 0,
            "name": "vm1--osdisk",
            "network_access_policy": null,
            "on_demand_bursting_enabled": false,
            "os_type": "Linux",
            "public_network_access_enabled": true,
            "resource_group_name": "rg01",
            "source_resource_id": "",
            "source_uri": "",
            "storage_account_id": "",
            "storage_account_type": "Standard_LRS",
            "tags": {},
            "tier": "",
            "timeouts": {
              "create": null,
              "delete": null,
              "read": null,
              "update": null
            },
            "trusted_launch_enabled": false,
            "zone": ""
          },
          "sensitive_attributes": [],
          "identity_schema_version": 0,
          "private": "eyJlMmJmYjczMC1lY2FhLTExZTYtOGY4OC0zNDM2M2JjN2M0YzAiOnsiY3JlYXRlIjoxODAwMDAwMDAwMDAwLCJkZWxldGUiOjE4MDAwMDAwMDAwMDAsInJlYWQiOjMwMDAwMDAwMDAwMCwidXBkYXRlIjoxODAwMDAwMDAwMDAwfSwic2NoZW1hX3ZlcnNpb24iOiIwIn0="
        },
        {
          "index_key": "vm2--osdisk",
          "schema_version": 0,
          "attributes": {
            "create_option": "FromImage",
            "disk_access_id": "",
            "disk_encryption_set_id": "",
            "disk_iops_read_only": 0,
            "disk_iops_read_write": 500,
            "disk_mbps_read_only": 0,
            "disk_mbps_read_write": 60,
            "disk_size_gb": 30,
            "edge_zone": "",
            "encryption_settings": [],
            "gallery_image_reference_id": "",
            "hyper_v_generation": "V1",
            "id": "/subscriptions/8c1329f0-9183-42e8-ba91-cc5840314c10/resourceGroups/rg01/providers/Microsoft.Compute/disks/vm2--osdisk",
            "image_reference_id": "/Subscriptions/8c1329f0-9183-42e8-ba91-cc5840314c10/Providers/Microsoft.Compute/Locations/CentralIndia/Publishers/Canonical/ArtifactTypes/VMImage/Offers/0001-com-ubuntu-server-jammy/Skus/22_04-lts/Versions/22.04.202507150",
            "location": "centralindia",
            "logical_sector_size": null,
            "max_shares": 0,
            "name": "vm2--osdisk",
            "network_access_policy": null,
            "on_demand_bursting_enabled": false,
            "os_type": "Linux",
            "public_network_access_enabled": true,
            "resource_group_name": "rg01",
            "source_resource_id": "",
            "source_uri": "",
            "storage_account_id": "",
            "storage_account_type": "Standard_LRS",
            "tags": {},
            "tier": "",
            "timeouts": {
              "create": null,
              "delete": null,
              "read": null,
              "update": null
            },
            "trusted_launch_enabled": false,
            "zone": ""
          },
          "sensitive_attributes": [],
          "identity_schema_version": 0,
          "private": "eyJlMmJmYjczMC1lY2FhLTExZTYtOGY4OC0zNDM2M2JjN2M0YzAiOnsiY3JlYXRlIjoxODAwMDAwMDAwMDAwLCJkZWxldGUiOjE4MDAwMDAwMDAwMDAsInJlYWQiOjMwMDAwMDAwMDAwMCwidXBkYXRlIjoxODAwMDAwMDAwMDAwfSwic2NoZW1hX3ZlcnNpb24iOiIwIn0="
        },
        {
          "index_key": "vm3--osdisk",
          "schema_version": 0,
          "attributes": {
            "create_option": "FromImage",
            "disk_access_id": "",
            "disk_encryption_set_id": "",
            "disk_iops_read_only": 0,
            "disk_iops_read_write": 500,
            "disk_mbps_read_only": 0,
            "disk_mbps_read_write": 60,
            "disk_size_gb": 30,
            "edge_zone": "",
            "encryption_settings": [],
            "gallery_image_reference_id": "",
            "hyper_v_generation": "V1",
            "id": "/subscriptions/8c1329f0-9183-42e8-ba91-cc5840314c10/resourceGroups/rg01/providers/Microsoft.Compute/disks/vm3--osdisk",
            "image_reference_id": "/Subscriptions/8c1329f0-9183-42e8-ba91-cc5840314c10/Providers/Microsoft.Compute/Locations/CentralIndia/Publishers/Canonical/ArtifactTypes/VMImage/Offers/0001-com-ubuntu-server-jammy/Skus/22_04-lts/Versions/22.04.202507150",
            "location": "centralindia",
            "logical_sector_size": null,
            "max_shares": 0,
            "name": "vm3--osdisk",
            "network_access_policy": null,
            "on_demand_bursting_enabled": false,
            "os_type": "Linux",
            "public_network_access_enabled": true,
            "resource_group_name": "rg01",
            "source_resource_id": "",
            "source_uri": "",
            "storage_account_id": "",
            "storage_account_type": "Standard_LRS",
            "tags": {},
            "tier": "",
            "timeouts": {
              "create": null,
              "delete": null,
              "read": null,
              "update": null
            },
            "trusted_launch_enabled": false,
            "zone": ""
          },
          "sensitive_attributes": [],
          "identity_schema_version": 0,
          "private": "eyJlMmJmYjczMC1lY2FhLTExZTYtOGY4OC0zNDM2M2JjN2M0YzAiOnsiY3JlYXRlIjoxODAwMDAwMDAwMDAwLCJkZWxldGUiOjE4MDAwMDAwMDAwMDAsInJlYWQiOjMwMDAwMDAwMDAwMCwidXBkYXRlIjoxODAwMDAwMDAwMDAwfSwic2NoZW1hX3ZlcnNpb24iOiIwIn0="
        }
      ]
    }
  ],
  "check_results": null
}
